// !$*UTF8*$!
{
	archiveVersion = 1;
	classes = {
	};
	objectVersion = 46;
	objects = {

/* Begin PBXBuildFile section */
		2C4A97951C1339D900287199 /* HomepageViewController.swift in Sources */ = {isa = PBXBuildFile; fileRef = 2C4A97941C1339D900287199 /* HomepageViewController.swift */; };
		2C4A97971C1339EA00287199 /* LoginViewController.swift in Sources */ = {isa = PBXBuildFile; fileRef = 2C4A97961C1339EA00287199 /* LoginViewController.swift */; };
		35003B6460E567F946AB76A6 /* Pods_Whistle.framework in Frameworks */ = {isa = PBXBuildFile; fileRef = D1E3874C2321CA90FA2AD084 /* Pods_Whistle.framework */; };
		507D7E821C00F70E00C81084 /* AppDelegate.swift in Sources */ = {isa = PBXBuildFile; fileRef = 507D7E811C00F70E00C81084 /* AppDelegate.swift */; };
		507D7E841C00F70E00C81084 /* ViewController.swift in Sources */ = {isa = PBXBuildFile; fileRef = 507D7E831C00F70E00C81084 /* ViewController.swift */; };
		507D7E871C00F70E00C81084 /* Main.storyboard in Resources */ = {isa = PBXBuildFile; fileRef = 507D7E851C00F70E00C81084 /* Main.storyboard */; };
		507D7E891C00F70E00C81084 /* Assets.xcassets in Resources */ = {isa = PBXBuildFile; fileRef = 507D7E881C00F70E00C81084 /* Assets.xcassets */; };
		507D7E8C1C00F70E00C81084 /* LaunchScreen.storyboard in Resources */ = {isa = PBXBuildFile; fileRef = 507D7E8A1C00F70E00C81084 /* LaunchScreen.storyboard */; };
		50C965E11C1348BF004C7515 /* ContactTableViewCell.swift in Sources */ = {isa = PBXBuildFile; fileRef = 50C965E01C1348BF004C7515 /* ContactTableViewCell.swift */; };
		50C965E31C13516D004C7515 /* ContactViewController.swift in Sources */ = {isa = PBXBuildFile; fileRef = 50C965E21C13516D004C7515 /* ContactViewController.swift */; };
		50C965E51C136005004C7515 /* ContactsDetailViewController.swift in Sources */ = {isa = PBXBuildFile; fileRef = 50C965E41C136005004C7515 /* ContactsDetailViewController.swift */; };
/* End PBXBuildFile section */

/* Begin PBXFileReference section */
		2C4A97941C1339D900287199 /* HomepageViewController.swift */ = {isa = PBXFileReference; fileEncoding = 4; lastKnownFileType = sourcecode.swift; path = HomepageViewController.swift; sourceTree = "<group>"; };
		2C4A97961C1339EA00287199 /* LoginViewController.swift */ = {isa = PBXFileReference; fileEncoding = 4; lastKnownFileType = sourcecode.swift; path = LoginViewController.swift; sourceTree = "<group>"; };
		457ED2B02109D9D55E78E816 /* Pods-Whistle.debug.xcconfig */ = {isa = PBXFileReference; includeInIndex = 1; lastKnownFileType = text.xcconfig; name = "Pods-Whistle.debug.xcconfig"; path = "Pods/Target Support Files/Pods-Whistle/Pods-Whistle.debug.xcconfig"; sourceTree = "<group>"; };
		507D7E7E1C00F70E00C81084 /* Whistle.app */ = {isa = PBXFileReference; explicitFileType = wrapper.application; includeInIndex = 0; path = Whistle.app; sourceTree = BUILT_PRODUCTS_DIR; };
		507D7E811C00F70E00C81084 /* AppDelegate.swift */ = {isa = PBXFileReference; lastKnownFileType = sourcecode.swift; path = AppDelegate.swift; sourceTree = "<group>"; };
		507D7E831C00F70E00C81084 /* ViewController.swift */ = {isa = PBXFileReference; lastKnownFileType = sourcecode.swift; path = ViewController.swift; sourceTree = "<group>"; };
		507D7E861C00F70E00C81084 /* Base */ = {isa = PBXFileReference; lastKnownFileType = file.storyboard; name = Base; path = Base.lproj/Main.storyboard; sourceTree = "<group>"; };
		507D7E881C00F70E00C81084 /* Assets.xcassets */ = {isa = PBXFileReference; lastKnownFileType = folder.assetcatalog; path = Assets.xcassets; sourceTree = "<group>"; };
		507D7E8B1C00F70E00C81084 /* Base */ = {isa = PBXFileReference; lastKnownFileType = file.storyboard; name = Base; path = Base.lproj/LaunchScreen.storyboard; sourceTree = "<group>"; };
		507D7E8D1C00F70E00C81084 /* Info.plist */ = {isa = PBXFileReference; lastKnownFileType = text.plist.xml; path = Info.plist; sourceTree = "<group>"; };
		50C965E01C1348BF004C7515 /* ContactTableViewCell.swift */ = {isa = PBXFileReference; fileEncoding = 4; lastKnownFileType = sourcecode.swift; path = ContactTableViewCell.swift; sourceTree = "<group>"; };
		50C965E21C13516D004C7515 /* ContactViewController.swift */ = {isa = PBXFileReference; fileEncoding = 4; lastKnownFileType = sourcecode.swift; path = ContactViewController.swift; sourceTree = "<group>"; };
		50C965E41C136005004C7515 /* ContactsDetailViewController.swift */ = {isa = PBXFileReference; fileEncoding = 4; lastKnownFileType = sourcecode.swift; path = ContactsDetailViewController.swift; sourceTree = "<group>"; };
		A35ABC398147A917B7B7E4B9 /* Pods-Whistle.release.xcconfig */ = {isa = PBXFileReference; includeInIndex = 1; lastKnownFileType = text.xcconfig; name = "Pods-Whistle.release.xcconfig"; path = "Pods/Target Support Files/Pods-Whistle/Pods-Whistle.release.xcconfig"; sourceTree = "<group>"; };
		D1E3874C2321CA90FA2AD084 /* Pods_Whistle.framework */ = {isa = PBXFileReference; explicitFileType = wrapper.framework; includeInIndex = 0; path = Pods_Whistle.framework; sourceTree = BUILT_PRODUCTS_DIR; };
/* End PBXFileReference section */

/* Begin PBXFrameworksBuildPhase section */
		507D7E7B1C00F70E00C81084 /* Frameworks */ = {
			isa = PBXFrameworksBuildPhase;
			buildActionMask = 2147483647;
			files = (
				35003B6460E567F946AB76A6 /* Pods_Whistle.framework in Frameworks */,
			);
			runOnlyForDeploymentPostprocessing = 0;
		};
/* End PBXFrameworksBuildPhase section */

/* Begin PBXGroup section */
		2C4A97891C13377000287199 /* View Controllers */ = {
			isa = PBXGroup;
			children = (
				2C4A97941C1339D900287199 /* HomepageViewController.swift */,
				2C4A97961C1339EA00287199 /* LoginViewController.swift */,
				50C965E21C13516D004C7515 /* ContactViewController.swift */,
			);
			name = "View Controllers";
			sourceTree = "<group>";
		};
		2C4A978A1C13378100287199 /* Views */ = {
			isa = PBXGroup;
			children = (
				50C965E01C1348BF004C7515 /* ContactTableViewCell.swift */,
			);
			name = Views;
			sourceTree = "<group>";
		};
		2C4A978B1C13378B00287199 /* Models */ = {
			isa = PBXGroup;
			children = (
			);
			name = Models;
			sourceTree = "<group>";
		};
		507D7E751C00F70E00C81084 = {
			isa = PBXGroup;
			children = (
				507D7E801C00F70E00C81084 /* Whistle */,
				507D7E7F1C00F70E00C81084 /* Products */,
				D90CFB02DA355F2A7DEB3A7E /* Pods */,
				A4A28922A47FA4C0C3E564C4 /* Frameworks */,
			);
			sourceTree = "<group>";
		};
		507D7E7F1C00F70E00C81084 /* Products */ = {
			isa = PBXGroup;
			children = (
				507D7E7E1C00F70E00C81084 /* Whistle.app */,
			);
			name = Products;
			sourceTree = "<group>";
		};
		507D7E801C00F70E00C81084 /* Whistle */ = {
			isa = PBXGroup;
			children = (
				2C4A978B1C13378B00287199 /* Models */,
				2C4A978A1C13378100287199 /* Views */,
				2C4A97891C13377000287199 /* View Controllers */,
				507D7E811C00F70E00C81084 /* AppDelegate.swift */,
				50C965E41C136005004C7515 /* ContactsDetailViewController.swift */,
				507D7E831C00F70E00C81084 /* ViewController.swift */,
				507D7E851C00F70E00C81084 /* Main.storyboard */,
				507D7E881C00F70E00C81084 /* Assets.xcassets */,
				507D7E8A1C00F70E00C81084 /* LaunchScreen.storyboard */,
				507D7E8D1C00F70E00C81084 /* Info.plist */,
			);
			path = Whistle;
			sourceTree = "<group>";
		};
		A4A28922A47FA4C0C3E564C4 /* Frameworks */ = {
			isa = PBXGroup;
			children = (
				D1E3874C2321CA90FA2AD084 /* Pods_Whistle.framework */,
			);
			name = Frameworks;
			sourceTree = "<group>";
		};
		D90CFB02DA355F2A7DEB3A7E /* Pods */ = {
			isa = PBXGroup;
			children = (
				457ED2B02109D9D55E78E816 /* Pods-Whistle.debug.xcconfig */,
				A35ABC398147A917B7B7E4B9 /* Pods-Whistle.release.xcconfig */,
			);
			name = Pods;
			sourceTree = "<group>";
		};
/* End PBXGroup section */

/* Begin PBXNativeTarget section */
		507D7E7D1C00F70E00C81084 /* Whistle */ = {
			isa = PBXNativeTarget;
			buildConfigurationList = 507D7E901C00F70E00C81084 /* Build configuration list for PBXNativeTarget "Whistle" */;
			buildPhases = (
				1E1C413B96566549CBD4EC8B /* Check Pods Manifest.lock */,
				507D7E7A1C00F70E00C81084 /* Sources */,
				507D7E7B1C00F70E00C81084 /* Frameworks */,
				507D7E7C1C00F70E00C81084 /* Resources */,
				684EF939ED408B82053F5120 /* Embed Pods Frameworks */,
				6B635F1CC3A30590489699AB /* Copy Pods Resources */,
				2CD7FCD01C03FFE80030CEA1 /* ShellScript */,
			);
			buildRules = (
			);
			dependencies = (
			);
			name = Whistle;
			productName = Whistle;
			productReference = 507D7E7E1C00F70E00C81084 /* Whistle.app */;
			productType = "com.apple.product-type.application";
		};
/* End PBXNativeTarget section */

/* Begin PBXProject section */
		507D7E761C00F70E00C81084 /* Project object */ = {
			isa = PBXProject;
			attributes = {
				LastSwiftUpdateCheck = 0710;
				LastUpgradeCheck = 0710;
				ORGANIZATIONNAME = KCC;
				TargetAttributes = {
					507D7E7D1C00F70E00C81084 = {
						CreatedOnToolsVersion = 7.1.1;
						DevelopmentTeam = R45WBWR27Z;
					};
				};
			};
			buildConfigurationList = 507D7E791C00F70E00C81084 /* Build configuration list for PBXProject "Whistle" */;
			compatibilityVersion = "Xcode 3.2";
			developmentRegion = English;
			hasScannedForEncodings = 0;
			knownRegions = (
				en,
				Base,
			);
			mainGroup = 507D7E751C00F70E00C81084;
			productRefGroup = 507D7E7F1C00F70E00C81084 /* Products */;
			projectDirPath = "";
			projectRoot = "";
			targets = (
				507D7E7D1C00F70E00C81084 /* Whistle */,
			);
		};
/* End PBXProject section */

/* Begin PBXResourcesBuildPhase section */
		507D7E7C1C00F70E00C81084 /* Resources */ = {
			isa = PBXResourcesBuildPhase;
			buildActionMask = 2147483647;
			files = (
				507D7E8C1C00F70E00C81084 /* LaunchScreen.storyboard in Resources */,
				507D7E891C00F70E00C81084 /* Assets.xcassets in Resources */,
				507D7E871C00F70E00C81084 /* Main.storyboard in Resources */,
			);
			runOnlyForDeploymentPostprocessing = 0;
		};
/* End PBXResourcesBuildPhase section */

/* Begin PBXShellScriptBuildPhase section */
		1E1C413B96566549CBD4EC8B /* Check Pods Manifest.lock */ = {
			isa = PBXShellScriptBuildPhase;
			buildActionMask = 2147483647;
			files = (
			);
			inputPaths = (
			);
			name = "Check Pods Manifest.lock";
			outputPaths = (
			);
			runOnlyForDeploymentPostprocessing = 0;
			shellPath = /bin/sh;
			shellScript = "diff \"${PODS_ROOT}/../Podfile.lock\" \"${PODS_ROOT}/Manifest.lock\" > /dev/null\nif [[ $? != 0 ]] ; then\n    cat << EOM\nerror: The sandbox is not in sync with the Podfile.lock. Run 'pod install' or update your CocoaPods installation.\nEOM\n    exit 1\nfi\n";
			showEnvVarsInLog = 0;
		};
		2CD7FCD01C03FFE80030CEA1 /* ShellScript */ = {
			isa = PBXShellScriptBuildPhase;
			buildActionMask = 12;
			files = (
			);
			inputPaths = (
			);
			outputPaths = (
			);
			runOnlyForDeploymentPostprocessing = 0;
			shellPath = /bin/sh;
			shellScript = "./Fabric.framework/run 8d140f4681b479659f412c54864da2226d80ff15 0d2ae97d2b47ac5979c67046fdb84e18b3c2a1bcccb608136a465d3a80b8dc48";
		};
		684EF939ED408B82053F5120 /* Embed Pods Frameworks */ = {
			isa = PBXShellScriptBuildPhase;
			buildActionMask = 2147483647;
			files = (
			);
			inputPaths = (
			);
			name = "Embed Pods Frameworks";
			outputPaths = (
			);
			runOnlyForDeploymentPostprocessing = 0;
			shellPath = /bin/sh;
			shellScript = "\"${SRCROOT}/Pods/Target Support Files/Pods-Whistle/Pods-Whistle-frameworks.sh\"\n";
			showEnvVarsInLog = 0;
		};
		6B635F1CC3A30590489699AB /* Copy Pods Resources */ = {
			isa = PBXShellScriptBuildPhase;
			buildActionMask = 2147483647;
			files = (
			);
			inputPaths = (
			);
			name = "Copy Pods Resources";
			outputPaths = (
			);
			runOnlyForDeploymentPostprocessing = 0;
			shellPath = /bin/sh;
			shellScript = "\"${SRCROOT}/Pods/Target Support Files/Pods-Whistle/Pods-Whistle-resources.sh\"\n";
			showEnvVarsInLog = 0;
		};
/* End PBXShellScriptBuildPhase section */

/* Begin PBXSourcesBuildPhase section */
		507D7E7A1C00F70E00C81084 /* Sources */ = {
			isa = PBXSourcesBuildPhase;
			buildActionMask = 2147483647;
			files = (
				50C965E11C1348BF004C7515 /* ContactTableViewCell.swift in Sources */,
				2C4A97951C1339D900287199 /* HomepageViewController.swift in Sources */,
				507D7E841C00F70E00C81084 /* ViewController.swift in Sources */,
				50C965E51C136005004C7515 /* ContactsDetailViewController.swift in Sources */,
				507D7E821C00F70E00C81084 /* AppDelegate.swift in Sources */,
				2C4A97971C1339EA00287199 /* LoginViewController.swift in Sources */,
				50C965E31C13516D004C7515 /* ContactViewController.swift in Sources */,
			);
			runOnlyForDeploymentPostprocessing = 0;
		};
/* End PBXSourcesBuildPhase section */

/* Begin PBXVariantGroup section */
		507D7E851C00F70E00C81084 /* Main.storyboard */ = {
			isa = PBXVariantGroup;
			children = (
				507D7E861C00F70E00C81084 /* Base */,
			);
			name = Main.storyboard;
			sourceTree = "<group>";
		};
		507D7E8A1C00F70E00C81084 /* LaunchScreen.storyboard */ = {
			isa = PBXVariantGroup;
			children = (
				507D7E8B1C00F70E00C81084 /* Base */,
			);
			name = LaunchScreen.storyboard;
			sourceTree = "<group>";
		};
/* End PBXVariantGroup section */

/* Begin XCBuildConfiguration section */
		507D7E8E1C00F70E00C81084 /* Debug */ = {
			isa = XCBuildConfiguration;
			buildSettings = {
				ALWAYS_SEARCH_USER_PATHS = NO;
				CLANG_CXX_LANGUAGE_STANDARD = "gnu++0x";
				CLANG_CXX_LIBRARY = "libc++";
				CLANG_ENABLE_MODULES = YES;
				CLANG_ENABLE_OBJC_ARC = YES;
				CLANG_WARN_BOOL_CONVERSION = YES;
				CLANG_WARN_CONSTANT_CONVERSION = YES;
				CLANG_WARN_DIRECT_OBJC_ISA_USAGE = YES_ERROR;
				CLANG_WARN_EMPTY_BODY = YES;
				CLANG_WARN_ENUM_CONVERSION = YES;
				CLANG_WARN_INT_CONVERSION = YES;
				CLANG_WARN_OBJC_ROOT_CLASS = YES_ERROR;
				CLANG_WARN_UNREACHABLE_CODE = YES;
				CLANG_WARN__DUPLICATE_METHOD_MATCH = YES;
				"CODE_SIGN_IDENTITY[sdk=iphoneos*]" = "iPhone Developer";
				COPY_PHASE_STRIP = NO;
				DEBUG_INFORMATION_FORMAT = dwarf;
				ENABLE_STRICT_OBJC_MSGSEND = YES;
				ENABLE_TESTABILITY = YES;
				GCC_C_LANGUAGE_STANDARD = gnu99;
				GCC_DYNAMIC_NO_PIC = NO;
				GCC_NO_COMMON_BLOCKS = YES;
				GCC_OPTIMIZATION_LEVEL = 0;
				GCC_PREPROCESSOR_DEFINITIONS = (
					"DEBUG=1",
					"$(inherited)",
				);
				GCC_WARN_64_TO_32_BIT_CONVERSION = YES;
				GCC_WARN_ABOUT_RETURN_TYPE = YES_ERROR;
				GCC_WARN_UNDECLARED_SELECTOR = YES;
				GCC_WARN_UNINITIALIZED_AUTOS = YES_AGGRESSIVE;
				GCC_WARN_UNUSED_FUNCTION = YES;
				GCC_WARN_UNUSED_VARIABLE = YES;
				IPHONEOS_DEPLOYMENT_TARGET = 9.1;
				MTL_ENABLE_DEBUG_INFO = YES;
				ONLY_ACTIVE_ARCH = YES;
				SDKROOT = iphoneos;
				SWIFT_OPTIMIZATION_LEVEL = "-Onone";
			};
			name = Debug;
		};
		507D7E8F1C00F70E00C81084 /* Release */ = {
			isa = XCBuildConfiguration;
			buildSettings = {
				ALWAYS_SEARCH_USER_PATHS = NO;
				CLANG_CXX_LANGUAGE_STANDARD = "gnu++0x";
				CLANG_CXX_LIBRARY = "libc++";
				CLANG_ENABLE_MODULES = YES;
				CLANG_ENABLE_OBJC_ARC = YES;
				CLANG_WARN_BOOL_CONVERSION = YES;
				CLANG_WARN_CONSTANT_CONVERSION = YES;
				CLANG_WARN_DIRECT_OBJC_ISA_USAGE = YES_ERROR;
				CLANG_WARN_EMPTY_BODY = YES;
				CLANG_WARN_ENUM_CONVERSION = YES;
				CLANG_WARN_INT_CONVERSION = YES;
				CLANG_WARN_OBJC_ROOT_CLASS = YES_ERROR;
				CLANG_WARN_UNREACHABLE_CODE = YES;
				CLANG_WARN__DUPLICATE_METHOD_MATCH = YES;
				"CODE_SIGN_IDENTITY[sdk=iphoneos*]" = "iPhone Developer";
				COPY_PHASE_STRIP = NO;
				DEBUG_INFORMATION_FORMAT = "dwarf-with-dsym";
				ENABLE_NS_ASSERTIONS = NO;
				ENABLE_STRICT_OBJC_MSGSEND = YES;
				GCC_C_LANGUAGE_STANDARD = gnu99;
				GCC_NO_COMMON_BLOCKS = YES;
				GCC_WARN_64_TO_32_BIT_CONVERSION = YES;
				GCC_WARN_ABOUT_RETURN_TYPE = YES_ERROR;
				GCC_WARN_UNDECLARED_SELECTOR = YES;
				GCC_WARN_UNINITIALIZED_AUTOS = YES_AGGRESSIVE;
				GCC_WARN_UNUSED_FUNCTION = YES;
				GCC_WARN_UNUSED_VARIABLE = YES;
				IPHONEOS_DEPLOYMENT_TARGET = 9.1;
				MTL_ENABLE_DEBUG_INFO = NO;
				SDKROOT = iphoneos;
				VALIDATE_PRODUCT = YES;
			};
			name = Release;
		};
		507D7E911C00F70E00C81084 /* Debug */ = {
			isa = XCBuildConfiguration;
			baseConfigurationReference = 457ED2B02109D9D55E78E816 /* Pods-Whistle.debug.xcconfig */;
			buildSettings = {
				ASSETCATALOG_COMPILER_APPICON_NAME = AppIcon;
				CODE_SIGN_IDENTITY = "iPhone Developer";
				"CODE_SIGN_IDENTITY[sdk=iphoneos*]" = "iPhone Developer";
				INFOPLIST_FILE = Whistle/Info.plist;
				LD_RUNPATH_SEARCH_PATHS = "$(inherited) @executable_path/Frameworks";
				PRODUCT_BUNDLE_IDENTIFIER = KCC.Whistle;
				PRODUCT_NAME = "$(TARGET_NAME)";
				PROVISIONING_PROFILE = "";
			};
			name = Debug;
		};
		507D7E921C00F70E00C81084 /* Release */ = {
			isa = XCBuildConfiguration;
			baseConfigurationReference = A35ABC398147A917B7B7E4B9 /* Pods-Whistle.release.xcconfig */;
			buildSettings = {
				ASSETCATALOG_COMPILER_APPICON_NAME = AppIcon;
				CODE_SIGN_IDENTITY = "iPhone Developer";
				"CODE_SIGN_IDENTITY[sdk=iphoneos*]" = "iPhone Developer";
				INFOPLIST_FILE = Whistle/Info.plist;
				LD_RUNPATH_SEARCH_PATHS = "$(inherited) @executable_path/Frameworks";
				PRODUCT_BUNDLE_IDENTIFIER = KCC.Whistle;
				PRODUCT_NAME = "$(TARGET_NAME)";
				PROVISIONING_PROFILE = "";
			};
			name = Release;
		};
/* End XCBuildConfiguration section */

/* Begin XCConfigurationList section */
		507D7E791C00F70E00C81084 /* Build configuration list for PBXProject "Whistle" */ = {
			isa = XCConfigurationList;
			buildConfigurations = (
				507D7E8E1C00F70E00C81084 /* Debug */,
				507D7E8F1C00F70E00C81084 /* Release */,
			);
			defaultConfigurationIsVisible = 0;
			defaultConfigurationName = Release;
		};
		507D7E901C00F70E00C81084 /* Build configuration list for PBXNativeTarget "Whistle" */ = {
			isa = XCConfigurationList;
			buildConfigurations = (
				507D7E911C00F70E00C81084 /* Debug */,
				507D7E921C00F70E00C81084 /* Release */,
			);
			defaultConfigurationIsVisible = 0;
			defaultConfigurationName = Release;
		};
/* End XCConfigurationList section */
	};
	rootObject = 507D7E761C00F70E00C81084 /* Project object */;
}
